// !$*UTF8*$!
{
	archiveVersion = 1;
	classes = {
	};
	objectVersion = 46;
	objects = {

/* Begin PBXBuildFile section */
		9E5DECF81D8D566C008120A2 /* AppDelegate.swift in Sources */ = {isa = PBXBuildFile; fileRef = 9E5DECF71D8D566C008120A2 /* AppDelegate.swift */; };
		9E5DECFD1D8D566C008120A2 /* Main.storyboard in Resources */ = {isa = PBXBuildFile; fileRef = 9E5DECFB1D8D566C008120A2 /* Main.storyboard */; };
		9E5DECFF1D8D566C008120A2 /* Assets.xcassets in Resources */ = {isa = PBXBuildFile; fileRef = 9E5DECFE1D8D566C008120A2 /* Assets.xcassets */; };
		9E5DED021D8D566C008120A2 /* LaunchScreen.storyboard in Resources */ = {isa = PBXBuildFile; fileRef = 9E5DED001D8D566C008120A2 /* LaunchScreen.storyboard */; };
		9E5DED0A1D8D56C8008120A2 /* ViewController.swift in Sources */ = {isa = PBXBuildFile; fileRef = 9E5DED091D8D56C8008120A2 /* ViewController.swift */; };
/* End PBXBuildFile section */

/* Begin PBXFileReference section */
		9E5DECF41D8D566C008120A2 /* Project06_GCDImageDown.app */ = {isa = PBXFileReference; explicitFileType = wrapper.application; includeInIndex = 0; path = Project06_GCDImageDown.app; sourceTree = BUILT_PRODUCTS_DIR; };
		9E5DECF71D8D566C008120A2 /* AppDelegate.swift */ = {isa = PBXFileReference; lastKnownFileType = sourcecode.swift; path = AppDelegate.swift; sourceTree = "<group>"; };
		9E5DECFC1D8D566C008120A2 /* Base */ = {isa = PBXFileReference; lastKnownFileType = file.storyboard; name = Base; path = Base.lproj/Main.storyboard; sourceTree = "<group>"; };
		9E5DECFE1D8D566C008120A2 /* Assets.xcassets */ = {isa = PBXFileReference; lastKnownFileType = folder.assetcatalog; path = Assets.xcassets; sourceTree = "<group>"; };
		9E5DED011D8D566C008120A2 /* Base */ = {isa = PBXFileReference; lastKnownFileType = file.storyboard; name = Base; path = Base.lproj/LaunchScreen.storyboard; sourceTree = "<group>"; };
		9E5DED031D8D566C008120A2 /* Info.plist */ = {isa = PBXFileReference; lastKnownFileType = text.plist.xml; path = Info.plist; sourceTree = "<group>"; };
		9E5DED091D8D56C8008120A2 /* ViewController.swift */ = {isa = PBXFileReference; fileEncoding = 4; lastKnownFileType = sourcecode.swift; path = ViewController.swift; sourceTree = "<group>"; };
/* End PBXFileReference section */

/* Begin PBXFrameworksBuildPhase section */
		9E5DECF11D8D566C008120A2 /* Frameworks */ = {
			isa = PBXFrameworksBuildPhase;
			buildActionMask = 2147483647;
			files = (
			);
			runOnlyForDeploymentPostprocessing = 0;
		};
/* End PBXFrameworksBuildPhase section */

/* Begin PBXGroup section */
		9E5DECEB1D8D566C008120A2 = {
			isa = PBXGroup;
			children = (
				9E5DECF61D8D566C008120A2 /* Project06_GCDImageDown */,
				9E5DECF51D8D566C008120A2 /* Products */,
			);
			sourceTree = "<group>";
		};
		9E5DECF51D8D566C008120A2 /* Products */ = {
			isa = PBXGroup;
			children = (
				9E5DECF41D8D566C008120A2 /* Project06_GCDImageDown.app */,
			);
			name = Products;
			sourceTree = "<group>";
		};
		9E5DECF61D8D566C008120A2 /* Project06_GCDImageDown */ = {
			isa = PBXGroup;
			children = (
				9E5DECF71D8D566C008120A2 /* AppDelegate.swift */,
				9E5DED091D8D56C8008120A2 /* ViewController.swift */,
				9E5DECFB1D8D566C008120A2 /* Main.storyboard */,
				9E5DECFE1D8D566C008120A2 /* Assets.xcassets */,
				9E5DED001D8D566C008120A2 /* LaunchScreen.storyboard */,
				9E5DED031D8D566C008120A2 /* Info.plist */,
			);
			path = Project06_GCDImageDown;
			sourceTree = "<group>";
		};
/* End PBXGroup section */

/* Begin PBXNativeTarget section */
		9E5DECF31D8D566C008120A2 /* Project06_GCDImageDown */ = {
			isa = PBXNativeTarget;
			buildConfigurationList = 9E5DED061D8D566C008120A2 /* Build configuration list for PBXNativeTarget "Project06_GCDImageDown" */;
			buildPhases = (
				9E5DECF01D8D566C008120A2 /* Sources */,
				9E5DECF11D8D566C008120A2 /* Frameworks */,
				9E5DECF21D8D566C008120A2 /* Resources */,
			);
			buildRules = (
			);
			dependencies = (
			);
			name = Project06_GCDImageDown;
			productName = Project06_GCDImageDown;
			productReference = 9E5DECF41D8D566C008120A2 /* Project06_GCDImageDown.app */;
			productType = "com.apple.product-type.application";
		};
/* End PBXNativeTarget section */

/* Begin PBXProject section */
		9E5DECEC1D8D566C008120A2 /* Project object */ = {
			isa = PBXProject;
			attributes = {
				LastSwiftUpdateCheck = 0800;
				LastUpgradeCheck = 0800;
				ORGANIZATIONNAME = LFS;
				TargetAttributes = {
					9E5DECF31D8D566C008120A2 = {
						CreatedOnToolsVersion = 8.0;
						DevelopmentTeam = T58764V53J;
						ProvisioningStyle = Automatic;
					};
				};
			};
			buildConfigurationList = 9E5DECEF1D8D566C008120A2 /* Build configuration list for PBXProject "Project06_GCDImageDown" */;
			compatibilityVersion = "Xcode 3.2";
			developmentRegion = English;
			hasScannedForEncodings = 0;
			knownRegions = (
				en,
				Base,
			);
			mainGroup = 9E5DECEB1D8D566C008120A2;
			productRefGroup = 9E5DECF51D8D566C008120A2 /* Products */;
			projectDirPath = "";
			projectRoot = "";
			targets = (
				9E5DECF31D8D566C008120A2 /* Project06_GCDImageDown */,
			);
		};
/* End PBXProject section */

/* Begin PBXResourcesBuildPhase section */
		9E5DECF21D8D566C008120A2 /* Resources */ = {
			isa = PBXResourcesBuildPhase;
			buildActionMask = 2147483647;
			files = (
				9E5DED021D8D566C008120A2 /* LaunchScreen.storyboard in Resources */,
				9E5DECFF1D8D566C008120A2 /* Assets.xcassets in Resources */,
				9E5DECFD1D8D566C008120A2 /* Main.storyboard in Resources */,
			);
			runOnlyForDeploymentPostprocessing = 0;
		};
/* End PBXResourcesBuildPhase section */

/* Begin PBXSourcesBuildPhase section */
		9E5DECF01D8D566C008120A2 /* Sources */ = {
			isa = PBXSourcesBuildPhase;
			buildActionMask = 2147483647;
			files = (
				9E5DED0A1D8D56C8008120A2 /* ViewController.swift in Sources */,
				9E5DECF81D8D566C008120A2 /* AppDelegate.swift in Sources */,
			);
			runOnlyForDeploymentPostprocessing = 0;
		};
/* End PBXSourcesBuildPhase section */

/* Begin PBXVariantGroup section */
		9E5DECFB1D8D566C008120A2 /* Main.storyboard */ = {
			isa = PBXVariantGroup;
			children = (
				9E5DECFC1D8D566C008120A2 /* Base */,
			);
			name = Main.storyboard;
			sourceTree = "<group>";
		};
		9E5DED001D8D566C008120A2 /* LaunchScreen.storyboard */ = {
			isa = PBXVariantGroup;
			children = (
				9E5DED011D8D566C008120A2 /* Base */,
			);
			name = LaunchScreen.storyboard;
			sourceTree = "<group>";
		};
/* End PBXVariantGroup section */

/* Begin XCBuildConfiguration section */
		9E5DED041D8D566C008120A2 /* Debug */ = {
			isa = XCBuildConfiguration;
			buildSettings = {
				ALWAYS_SEARCH_USER_PATHS = NO;
				CLANG_ANALYZER_NONNULL = YES;
				CLANG_CXX_LANGUAGE_STANDARD = "gnu++0x";
				CLANG_CXX_LIBRARY = "libc++";
				CLANG_ENABLE_MODULES = YES;
				CLANG_ENABLE_OBJC_ARC = YES;
				CLANG_WARN_BOOL_CONVERSION = YES;
				CLANG_WARN_CONSTANT_CONVERSION = YES;
				CLANG_WARN_DIRECT_OBJC_ISA_USAGE = YES_ERROR;
				CLANG_WARN_DOCUMENTATION_COMMENTS = YES;
				CLANG_WARN_EMPTY_BODY = YES;
				CLANG_WARN_ENUM_CONVERSION = YES;
				CLANG_WARN_INFINITE_RECURSION = YES;
				CLANG_WARN_INT_CONVERSION = YES;
				CLANG_WARN_OBJC_ROOT_CLASS = YES_ERROR;
				CLANG_WARN_SUSPICIOUS_MOVES = YES;
				CLANG_WARN_UNREACHABLE_CODE = YES;
				CLANG_WARN__DUPLICATE_METHOD_MATCH = YES;
				"CODE_SIGN_IDENTITY[sdk=iphoneos*]" = "iPhone Developer";
				COPY_PHASE_STRIP = NO;
				DEBUG_INFORMATION_FORMAT = dwarf;
				ENABLE_STRICT_OBJC_MSGSEND = YES;
				ENABLE_TESTABILITY = YES;
				GCC_C_LANGUAGE_STANDARD = gnu99;
				GCC_DYNAMIC_NO_PIC = NO;
				GCC_NO_COMMON_BLOCKS = YES;
				GCC_OPTIMIZATION_LEVEL = 0;
				GCC_PREPROCESSOR_DEFINITIONS = (
					"DEBUG=1",
					"$(inherited)",
				);
				GCC_WARN_64_TO_32_BIT_CONVERSION = YES;
				GCC_WARN_ABOUT_RETURN_TYPE = YES_ERROR;
				GCC_WARN_UNDECLARED_SELECTOR = YES;
				GCC_WARN_UNINITIALIZED_AUTOS = YES_AGGRESSIVE;
				GCC_WARN_UNUSED_FUNCTION = YES;
				GCC_WARN_UNUSED_VARIABLE = YES;
				IPHONEOS_DEPLOYMENT_TARGET = 10.0;
				MTL_ENABLE_DEBUG_INFO = YES;
				ONLY_ACTIVE_ARCH = YES;
				SDKROOT = iphoneos;
				SWIFT_ACTIVE_COMPILATION_CONDITIONS = DEBUG;
				SWIFT_OPTIMIZATION_LEVEL = "-Onone";
			};
			name = Debug;
		};
		9E5DED051D8D566C008120A2 /* Release */ = {
			isa = XCBuildConfiguration;
			buildSettings = {
				ALWAYS_SEARCH_USER_PATHS = NO;
				CLANG_ANALYZER_NONNULL = YES;
				CLANG_CXX_LANGUAGE_STANDARD = "gnu++0x";
				CLANG_CXX_LIBRARY = "libc++";
				CLANG_ENABLE_MODULES = YES;
				CLANG_ENABLE_OBJC_ARC = YES;
				CLANG_WARN_BOOL_CONVERSION = YES;
				CLANG_WARN_CONSTANT_CONVERSION = YES;
				CLANG_WARN_DIRECT_OBJC_ISA_USAGE = YES_ERROR;
				CLANG_WARN_DOCUMENTATION_COMMENTS = YES;
				CLANG_WARN_EMPTY_BODY = YES;
				CLANG_WARN_ENUM_CONVERSION = YES;
				CLANG_WARN_INFINITE_RECURSION = YES;
				CLANG_WARN_INT_CONVERSION = YES;
				CLANG_WARN_OBJC_ROOT_CLASS = YES_ERROR;
				CLANG_WARN_SUSPICIOUS_MOVES = YES;
				CLANG_WARN_UNREACHABLE_CODE = YES;
				CLANG_WARN__DUPLICATE_METHOD_MATCH = YES;
				"CODE_SIGN_IDENTITY[sdk=iphoneos*]" = "iPhone Developer";
				COPY_PHASE_STRIP = NO;
				DEBUG_INFORMATION_FORMAT = "dwarf-with-dsym";
				ENABLE_NS_ASSERTIONS = NO;
				ENABLE_STRICT_OBJC_MSGSEND = YES;
				GCC_C_LANGUAGE_STANDARD = gnu99;
				GCC_NO_COMMON_BLOCKS = YES;
				GCC_WARN_64_TO_32_BIT_CONVERSION = YES;
				GCC_WARN_ABOUT_RETURN_TYPE = YES_ERROR;
				GCC_WARN_UNDECLARED_SELECTOR = YES;
				GCC_WARN_UNINITIALIZED_AUTOS = YES_AGGRESSIVE;
				GCC_WARN_UNUSED_FUNCTION = YES;
				GCC_WARN_UNUSED_VARIABLE = YES;
				IPHONEOS_DEPLOYMENT_TARGET = 10.0;
				MTL_ENABLE_DEBUG_INFO = NO;
				SDKROOT = iphoneos;
				SWIFT_OPTIMIZATION_LEVEL = "-Owholemodule";
				VALIDATE_PRODUCT = YES;
			};
			name = Release;
		};
		9E5DED071D8D566C008120A2 /* Debug */ = {
			isa = XCBuildConfiguration;
			buildSettings = {
				ASSETCATALOG_COMPILER_APPICON_NAME = AppIcon;
				DEVELOPMENT_TEAM = T58764V53J;
				INFOPLIST_FILE = Project06_GCDImageDown/Info.plist;
				LD_RUNPATH_SEARCH_PATHS = "$(inherited) @executable_path/Frameworks";
				PRODUCT_BUNDLE_IDENTIFIER = "com.cn.Project06-GCDImageDown";
				PRODUCT_NAME = "$(TARGET_NAME)";
				SWIFT_VERSION = 3.0;
			};
			name = Debug;
		};
		9E5DED081D8D566C008120A2 /* Release */ = {
			isa = XCBuildConfiguration;
			buildSettings = {
				ASSETCATALOG_COMPILER_APPICON_NAME = AppIcon;
				DEVELOPMENT_TEAM = T58764V53J;
				INFOPLIST_FILE = Project06_GCDImageDown/Info.plist;
				LD_RUNPATH_SEARCH_PATHS = "$(inherited) @executable_path/Frameworks";
				PRODUCT_BUNDLE_IDENTIFIER = "com.cn.Project06-GCDImageDown";
				PRODUCT_NAME = "$(TARGET_NAME)";
				SWIFT_VERSION = 3.0;
			};
			name = Release;
		};
/* End XCBuildConfiguration section */

/* Begin XCConfigurationList section */
		9E5DECEF1D8D566C008120A2 /* Build configuration list for PBXProject "Project06_GCDImageDown" */ = {
			isa = XCConfigurationList;
			buildConfigurations = (
				9E5DED041D8D566C008120A2 /* Debug */,
				9E5DED051D8D566C008120A2 /* Release */,
			);
			defaultConfigurationIsVisible = 0;
			defaultConfigurationName = Release;
		};
		9E5DED061D8D566C008120A2 /* Build configuration list for PBXNativeTarget "Project06_GCDImageDown" */ = {
			isa = XCConfigurationList;
			buildConfigurations = (
				9E5DED071D8D566C008120A2 /* Debug */,
				9E5DED081D8D566C008120A2 /* Release */,
			);
			defaultConfigurationIsVisible = 0;
		};
/* End XCConfigurationList section */
	};
	rootObject = 9E5DECEC1D8D566C008120A2 /* Project object */;
}
