// !$*UTF8*$!
{
	archiveVersion = 1;
	classes = {
	};
	objectVersion = 46;
	objects = {

/* Begin PBXBuildFile section */
		9EFA01DF1D7A8C4F00508F96 /* AppDelegate.swift in Sources */ = {isa = PBXBuildFile; fileRef = 9EFA01DE1D7A8C4F00508F96 /* AppDelegate.swift */; };
		9EFA01E61D7A8C4F00508F96 /* Assets.xcassets in Resources */ = {isa = PBXBuildFile; fileRef = 9EFA01E51D7A8C4F00508F96 /* Assets.xcassets */; };
		9EFA01E91D7A8C4F00508F96 /* LaunchScreen.storyboard in Resources */ = {isa = PBXBuildFile; fileRef = 9EFA01E71D7A8C4F00508F96 /* LaunchScreen.storyboard */; };
		9EFA01F11D7A8C7300508F96 /* Main.storyboard in Resources */ = {isa = PBXBuildFile; fileRef = 9EFA01F01D7A8C7300508F96 /* Main.storyboard */; };
		9EFA01F31D7A8CD100508F96 /* ViewController.swift in Sources */ = {isa = PBXBuildFile; fileRef = 9EFA01F21D7A8CD100508F96 /* ViewController.swift */; };
/* End PBXBuildFile section */

/* Begin PBXFileReference section */
		9EFA01DB1D7A8C4F00508F96 /* Project02_Lock.app */ = {isa = PBXFileReference; explicitFileType = wrapper.application; includeInIndex = 0; path = Project02_Lock.app; sourceTree = BUILT_PRODUCTS_DIR; };
		9EFA01DE1D7A8C4F00508F96 /* AppDelegate.swift */ = {isa = PBXFileReference; lastKnownFileType = sourcecode.swift; path = AppDelegate.swift; sourceTree = "<group>"; };
		9EFA01E51D7A8C4F00508F96 /* Assets.xcassets */ = {isa = PBXFileReference; lastKnownFileType = folder.assetcatalog; path = Assets.xcassets; sourceTree = "<group>"; };
		9EFA01E81D7A8C4F00508F96 /* Base */ = {isa = PBXFileReference; lastKnownFileType = file.storyboard; name = Base; path = Base.lproj/LaunchScreen.storyboard; sourceTree = "<group>"; };
		9EFA01EA1D7A8C4F00508F96 /* Info.plist */ = {isa = PBXFileReference; lastKnownFileType = text.plist.xml; path = Info.plist; sourceTree = "<group>"; };
		9EFA01F01D7A8C7300508F96 /* Main.storyboard */ = {isa = PBXFileReference; fileEncoding = 4; lastKnownFileType = file.storyboard; path = Main.storyboard; sourceTree = "<group>"; };
		9EFA01F21D7A8CD100508F96 /* ViewController.swift */ = {isa = PBXFileReference; fileEncoding = 4; lastKnownFileType = sourcecode.swift; path = ViewController.swift; sourceTree = "<group>"; };
/* End PBXFileReference section */

/* Begin PBXFrameworksBuildPhase section */
		9EFA01D81D7A8C4F00508F96 /* Frameworks */ = {
			isa = PBXFrameworksBuildPhase;
			buildActionMask = 2147483647;
			files = (
			);
			runOnlyForDeploymentPostprocessing = 0;
		};
/* End PBXFrameworksBuildPhase section */

/* Begin PBXGroup section */
		9EFA01D21D7A8C4F00508F96 = {
			isa = PBXGroup;
			children = (
				9EFA01DD1D7A8C4F00508F96 /* Project02_Lock */,
				9EFA01DC1D7A8C4F00508F96 /* Products */,
			);
			sourceTree = "<group>";
		};
		9EFA01DC1D7A8C4F00508F96 /* Products */ = {
			isa = PBXGroup;
			children = (
				9EFA01DB1D7A8C4F00508F96 /* Project02_Lock.app */,
			);
			name = Products;
			sourceTree = "<group>";
		};
		9EFA01DD1D7A8C4F00508F96 /* Project02_Lock */ = {
			isa = PBXGroup;
			children = (
				9EFA01DE1D7A8C4F00508F96 /* AppDelegate.swift */,
				9EFA01F21D7A8CD100508F96 /* ViewController.swift */,
				9EFA01E51D7A8C4F00508F96 /* Assets.xcassets */,
				9EFA01F01D7A8C7300508F96 /* Main.storyboard */,
				9EFA01E71D7A8C4F00508F96 /* LaunchScreen.storyboard */,
				9EFA01EA1D7A8C4F00508F96 /* Info.plist */,
			);
			path = Project02_Lock;
			sourceTree = "<group>";
		};
/* End PBXGroup section */

/* Begin PBXNativeTarget section */
		9EFA01DA1D7A8C4F00508F96 /* Project02_Lock */ = {
			isa = PBXNativeTarget;
			buildConfigurationList = 9EFA01ED1D7A8C4F00508F96 /* Build configuration list for PBXNativeTarget "Project02_Lock" */;
			buildPhases = (
				9EFA01D71D7A8C4F00508F96 /* Sources */,
				9EFA01D81D7A8C4F00508F96 /* Frameworks */,
				9EFA01D91D7A8C4F00508F96 /* Resources */,
			);
			buildRules = (
			);
			dependencies = (
			);
			name = Project02_Lock;
			productName = Project02_Lock;
			productReference = 9EFA01DB1D7A8C4F00508F96 /* Project02_Lock.app */;
			productType = "com.apple.product-type.application";
		};
/* End PBXNativeTarget section */

/* Begin PBXProject section */
		9EFA01D31D7A8C4F00508F96 /* Project object */ = {
			isa = PBXProject;
			attributes = {
				LastSwiftUpdateCheck = 0730;
				LastUpgradeCheck = 0730;
				ORGANIZATIONNAME = LFS;
				TargetAttributes = {
					9EFA01DA1D7A8C4F00508F96 = {
						CreatedOnToolsVersion = 7.3.1;
						DevelopmentTeam = T58764V53J;
					};
				};
			};
			buildConfigurationList = 9EFA01D61D7A8C4F00508F96 /* Build configuration list for PBXProject "Project02_Lock" */;
			compatibilityVersion = "Xcode 3.2";
			developmentRegion = English;
			hasScannedForEncodings = 0;
			knownRegions = (
				en,
				Base,
			);
			mainGroup = 9EFA01D21D7A8C4F00508F96;
			productRefGroup = 9EFA01DC1D7A8C4F00508F96 /* Products */;
			projectDirPath = "";
			projectRoot = "";
			targets = (
				9EFA01DA1D7A8C4F00508F96 /* Project02_Lock */,
			);
		};
/* End PBXProject section */

/* Begin PBXResourcesBuildPhase section */
		9EFA01D91D7A8C4F00508F96 /* Resources */ = {
			isa = PBXResourcesBuildPhase;
			buildActionMask = 2147483647;
			files = (
				9EFA01F11D7A8C7300508F96 /* Main.storyboard in Resources */,
				9EFA01E91D7A8C4F00508F96 /* LaunchScreen.storyboard in Resources */,
				9EFA01E61D7A8C4F00508F96 /* Assets.xcassets in Resources */,
			);
			runOnlyForDeploymentPostprocessing = 0;
		};
/* End PBXResourcesBuildPhase section */

/* Begin PBXSourcesBuildPhase section */
		9EFA01D71D7A8C4F00508F96 /* Sources */ = {
			isa = PBXSourcesBuildPhase;
			buildActionMask = 2147483647;
			files = (
				9EFA01F31D7A8CD100508F96 /* ViewController.swift in Sources */,
				9EFA01DF1D7A8C4F00508F96 /* AppDelegate.swift in Sources */,
			);
			runOnlyForDeploymentPostprocessing = 0;
		};
/* End PBXSourcesBuildPhase section */

/* Begin PBXVariantGroup section */
		9EFA01E71D7A8C4F00508F96 /* LaunchScreen.storyboard */ = {
			isa = PBXVariantGroup;
			children = (
				9EFA01E81D7A8C4F00508F96 /* Base */,
			);
			name = LaunchScreen.storyboard;
			sourceTree = "<group>";
		};
/* End PBXVariantGroup section */

/* Begin XCBuildConfiguration section */
		9EFA01EB1D7A8C4F00508F96 /* Debug */ = {
			isa = XCBuildConfiguration;
			buildSettings = {
				ALWAYS_SEARCH_USER_PATHS = NO;
				CLANG_ANALYZER_NONNULL = YES;
				CLANG_CXX_LANGUAGE_STANDARD = "gnu++0x";
				CLANG_CXX_LIBRARY = "libc++";
				CLANG_ENABLE_MODULES = YES;
				CLANG_ENABLE_OBJC_ARC = YES;
				CLANG_WARN_BOOL_CONVERSION = YES;
				CLANG_WARN_CONSTANT_CONVERSION = YES;
				CLANG_WARN_DIRECT_OBJC_ISA_USAGE = YES_ERROR;
				CLANG_WARN_EMPTY_BODY = YES;
				CLANG_WARN_ENUM_CONVERSION = YES;
				CLANG_WARN_INT_CONVERSION = YES;
				CLANG_WARN_OBJC_ROOT_CLASS = YES_ERROR;
				CLANG_WARN_UNREACHABLE_CODE = YES;
				CLANG_WARN__DUPLICATE_METHOD_MATCH = YES;
				"CODE_SIGN_IDENTITY[sdk=iphoneos*]" = "iPhone Developer";
				COPY_PHASE_STRIP = NO;
				DEBUG_INFORMATION_FORMAT = dwarf;
				ENABLE_STRICT_OBJC_MSGSEND = YES;
				ENABLE_TESTABILITY = YES;
				GCC_C_LANGUAGE_STANDARD = gnu99;
				GCC_DYNAMIC_NO_PIC = NO;
				GCC_NO_COMMON_BLOCKS = YES;
				GCC_OPTIMIZATION_LEVEL = 0;
				GCC_PREPROCESSOR_DEFINITIONS = (
					"DEBUG=1",
					"$(inherited)",
				);
				GCC_WARN_64_TO_32_BIT_CONVERSION = YES;
				GCC_WARN_ABOUT_RETURN_TYPE = YES_ERROR;
				GCC_WARN_UNDECLARED_SELECTOR = YES;
				GCC_WARN_UNINITIALIZED_AUTOS = YES_AGGRESSIVE;
				GCC_WARN_UNUSED_FUNCTION = YES;
				GCC_WARN_UNUSED_VARIABLE = YES;
				IPHONEOS_DEPLOYMENT_TARGET = 9.3;
				MTL_ENABLE_DEBUG_INFO = YES;
				ONLY_ACTIVE_ARCH = YES;
				SDKROOT = iphoneos;
				SWIFT_OPTIMIZATION_LEVEL = "-Onone";
			};
			name = Debug;
		};
		9EFA01EC1D7A8C4F00508F96 /* Release */ = {
			isa = XCBuildConfiguration;
			buildSettings = {
				ALWAYS_SEARCH_USER_PATHS = NO;
				CLANG_ANALYZER_NONNULL = YES;
				CLANG_CXX_LANGUAGE_STANDARD = "gnu++0x";
				CLANG_CXX_LIBRARY = "libc++";
				CLANG_ENABLE_MODULES = YES;
				CLANG_ENABLE_OBJC_ARC = YES;
				CLANG_WARN_BOOL_CONVERSION = YES;
				CLANG_WARN_CONSTANT_CONVERSION = YES;
				CLANG_WARN_DIRECT_OBJC_ISA_USAGE = YES_ERROR;
				CLANG_WARN_EMPTY_BODY = YES;
				CLANG_WARN_ENUM_CONVERSION = YES;
				CLANG_WARN_INT_CONVERSION = YES;
				CLANG_WARN_OBJC_ROOT_CLASS = YES_ERROR;
				CLANG_WARN_UNREACHABLE_CODE = YES;
				CLANG_WARN__DUPLICATE_METHOD_MATCH = YES;
				"CODE_SIGN_IDENTITY[sdk=iphoneos*]" = "iPhone Developer";
				COPY_PHASE_STRIP = NO;
				DEBUG_INFORMATION_FORMAT = "dwarf-with-dsym";
				ENABLE_NS_ASSERTIONS = NO;
				ENABLE_STRICT_OBJC_MSGSEND = YES;
				GCC_C_LANGUAGE_STANDARD = gnu99;
				GCC_NO_COMMON_BLOCKS = YES;
				GCC_WARN_64_TO_32_BIT_CONVERSION = YES;
				GCC_WARN_ABOUT_RETURN_TYPE = YES_ERROR;
				GCC_WARN_UNDECLARED_SELECTOR = YES;
				GCC_WARN_UNINITIALIZED_AUTOS = YES_AGGRESSIVE;
				GCC_WARN_UNUSED_FUNCTION = YES;
				GCC_WARN_UNUSED_VARIABLE = YES;
				IPHONEOS_DEPLOYMENT_TARGET = 9.3;
				MTL_ENABLE_DEBUG_INFO = NO;
				SDKROOT = iphoneos;
				VALIDATE_PRODUCT = YES;
			};
			name = Release;
		};
		9EFA01EE1D7A8C4F00508F96 /* Debug */ = {
			isa = XCBuildConfiguration;
			buildSettings = {
				ASSETCATALOG_COMPILER_APPICON_NAME = AppIcon;
				INFOPLIST_FILE = Project02_Lock/Info.plist;
				LD_RUNPATH_SEARCH_PATHS = "$(inherited) @executable_path/Frameworks";
				PRODUCT_BUNDLE_IDENTIFIER = "com.cn.Project02-Lock";
				PRODUCT_NAME = "$(TARGET_NAME)";
			};
			name = Debug;
		};
		9EFA01EF1D7A8C4F00508F96 /* Release */ = {
			isa = XCBuildConfiguration;
			buildSettings = {
				ASSETCATALOG_COMPILER_APPICON_NAME = AppIcon;
				INFOPLIST_FILE = Project02_Lock/Info.plist;
				LD_RUNPATH_SEARCH_PATHS = "$(inherited) @executable_path/Frameworks";
				PRODUCT_BUNDLE_IDENTIFIER = "com.cn.Project02-Lock";
				PRODUCT_NAME = "$(TARGET_NAME)";
			};
			name = Release;
		};
/* End XCBuildConfiguration section */

/* Begin XCConfigurationList section */
		9EFA01D61D7A8C4F00508F96 /* Build configuration list for PBXProject "Project02_Lock" */ = {
			isa = XCConfigurationList;
			buildConfigurations = (
				9EFA01EB1D7A8C4F00508F96 /* Debug */,
				9EFA01EC1D7A8C4F00508F96 /* Release */,
			);
			defaultConfigurationIsVisible = 0;
			defaultConfigurationName = Release;
		};
		9EFA01ED1D7A8C4F00508F96 /* Build configuration list for PBXNativeTarget "Project02_Lock" */ = {
			isa = XCConfigurationList;
			buildConfigurations = (
				9EFA01EE1D7A8C4F00508F96 /* Debug */,
				9EFA01EF1D7A8C4F00508F96 /* Release */,
			);
			defaultConfigurationIsVisible = 0;
		};
/* End XCConfigurationList section */
	};
	rootObject = 9EFA01D31D7A8C4F00508F96 /* Project object */;
}
