// !$*UTF8*$!
{
	archiveVersion = 1;
	classes = {
	};
	objectVersion = 46;
	objects = {

/* Begin PBXBuildFile section */
		9E6606ED1D72BE6F006A6822 /* AppDelegate.swift in Sources */ = {isa = PBXBuildFile; fileRef = 9E6606EC1D72BE6F006A6822 /* AppDelegate.swift */; };
		9E6606EF1D72BE6F006A6822 /* ViewController.swift in Sources */ = {isa = PBXBuildFile; fileRef = 9E6606EE1D72BE6F006A6822 /* ViewController.swift */; };
		9E6606F21D72BE6F006A6822 /* Main.storyboard in Resources */ = {isa = PBXBuildFile; fileRef = 9E6606F01D72BE6F006A6822 /* Main.storyboard */; };
		9E6606F41D72BE6F006A6822 /* Assets.xcassets in Resources */ = {isa = PBXBuildFile; fileRef = 9E6606F31D72BE6F006A6822 /* Assets.xcassets */; };
		9E6606F71D72BE6F006A6822 /* LaunchScreen.storyboard in Resources */ = {isa = PBXBuildFile; fileRef = 9E6606F51D72BE6F006A6822 /* LaunchScreen.storyboard */; };
/* End PBXBuildFile section */

/* Begin PBXFileReference section */
		9E6606E91D72BE6C006A6822 /* Project01_SimpleTimer.app */ = {isa = PBXFileReference; explicitFileType = wrapper.application; includeInIndex = 0; path = Project01_SimpleTimer.app; sourceTree = BUILT_PRODUCTS_DIR; };
		9E6606EC1D72BE6F006A6822 /* AppDelegate.swift */ = {isa = PBXFileReference; lastKnownFileType = sourcecode.swift; path = AppDelegate.swift; sourceTree = "<group>"; };
		9E6606EE1D72BE6F006A6822 /* ViewController.swift */ = {isa = PBXFileReference; lastKnownFileType = sourcecode.swift; path = ViewController.swift; sourceTree = "<group>"; };
		9E6606F11D72BE6F006A6822 /* Base */ = {isa = PBXFileReference; lastKnownFileType = file.storyboard; name = Base; path = Base.lproj/Main.storyboard; sourceTree = "<group>"; };
		9E6606F31D72BE6F006A6822 /* Assets.xcassets */ = {isa = PBXFileReference; lastKnownFileType = folder.assetcatalog; path = Assets.xcassets; sourceTree = "<group>"; };
		9E6606F61D72BE6F006A6822 /* Base */ = {isa = PBXFileReference; lastKnownFileType = file.storyboard; name = Base; path = Base.lproj/LaunchScreen.storyboard; sourceTree = "<group>"; };
		9E6606F81D72BE6F006A6822 /* Info.plist */ = {isa = PBXFileReference; lastKnownFileType = text.plist.xml; path = Info.plist; sourceTree = "<group>"; };
/* End PBXFileReference section */

/* Begin PBXFrameworksBuildPhase section */
		9E6606E61D72BE6C006A6822 /* Frameworks */ = {
			isa = PBXFrameworksBuildPhase;
			buildActionMask = 2147483647;
			files = (
			);
			runOnlyForDeploymentPostprocessing = 0;
		};
/* End PBXFrameworksBuildPhase section */

/* Begin PBXGroup section */
		9E6606E01D72BE6B006A6822 = {
			isa = PBXGroup;
			children = (
				9E6606EB1D72BE6F006A6822 /* Project01_SimpleTimer */,
				9E6606EA1D72BE6C006A6822 /* Products */,
			);
			sourceTree = "<group>";
		};
		9E6606EA1D72BE6C006A6822 /* Products */ = {
			isa = PBXGroup;
			children = (
				9E6606E91D72BE6C006A6822 /* Project01_SimpleTimer.app */,
			);
			name = Products;
			sourceTree = "<group>";
		};
		9E6606EB1D72BE6F006A6822 /* Project01_SimpleTimer */ = {
			isa = PBXGroup;
			children = (
				9E6606EC1D72BE6F006A6822 /* AppDelegate.swift */,
				9E6606EE1D72BE6F006A6822 /* ViewController.swift */,
				9E6606F01D72BE6F006A6822 /* Main.storyboard */,
				9E6606F31D72BE6F006A6822 /* Assets.xcassets */,
				9E6606F51D72BE6F006A6822 /* LaunchScreen.storyboard */,
				9E6606F81D72BE6F006A6822 /* Info.plist */,
			);
			path = Project01_SimpleTimer;
			sourceTree = "<group>";
		};
/* End PBXGroup section */

/* Begin PBXNativeTarget section */
		9E6606E81D72BE6C006A6822 /* Project01_SimpleTimer */ = {
			isa = PBXNativeTarget;
			buildConfigurationList = 9E6606FB1D72BE6F006A6822 /* Build configuration list for PBXNativeTarget "Project01_SimpleTimer" */;
			buildPhases = (
				9E6606E51D72BE6C006A6822 /* Sources */,
				9E6606E61D72BE6C006A6822 /* Frameworks */,
				9E6606E71D72BE6C006A6822 /* Resources */,
			);
			buildRules = (
			);
			dependencies = (
			);
			name = Project01_SimpleTimer;
			productName = Project01_SimpleTimer;
			productReference = 9E6606E91D72BE6C006A6822 /* Project01_SimpleTimer.app */;
			productType = "com.apple.product-type.application";
		};
/* End PBXNativeTarget section */

/* Begin PBXProject section */
		9E6606E11D72BE6C006A6822 /* Project object */ = {
			isa = PBXProject;
			attributes = {
				LastSwiftUpdateCheck = 0730;
				LastUpgradeCheck = 0730;
				ORGANIZATIONNAME = LFS;
				TargetAttributes = {
					9E6606E81D72BE6C006A6822 = {
						CreatedOnToolsVersion = 7.3.1;
						DevelopmentTeam = T58764V53J;
					};
				};
			};
			buildConfigurationList = 9E6606E41D72BE6C006A6822 /* Build configuration list for PBXProject "Project01_SimpleTimer" */;
			compatibilityVersion = "Xcode 3.2";
			developmentRegion = English;
			hasScannedForEncodings = 0;
			knownRegions = (
				en,
				Base,
			);
			mainGroup = 9E6606E01D72BE6B006A6822;
			productRefGroup = 9E6606EA1D72BE6C006A6822 /* Products */;
			projectDirPath = "";
			projectRoot = "";
			targets = (
				9E6606E81D72BE6C006A6822 /* Project01_SimpleTimer */,
			);
		};
/* End PBXProject section */

/* Begin PBXResourcesBuildPhase section */
		9E6606E71D72BE6C006A6822 /* Resources */ = {
			isa = PBXResourcesBuildPhase;
			buildActionMask = 2147483647;
			files = (
				9E6606F71D72BE6F006A6822 /* LaunchScreen.storyboard in Resources */,
				9E6606F41D72BE6F006A6822 /* Assets.xcassets in Resources */,
				9E6606F21D72BE6F006A6822 /* Main.storyboard in Resources */,
			);
			runOnlyForDeploymentPostprocessing = 0;
		};
/* End PBXResourcesBuildPhase section */

/* Begin PBXSourcesBuildPhase section */
		9E6606E51D72BE6C006A6822 /* Sources */ = {
			isa = PBXSourcesBuildPhase;
			buildActionMask = 2147483647;
			files = (
				9E6606EF1D72BE6F006A6822 /* ViewController.swift in Sources */,
				9E6606ED1D72BE6F006A6822 /* AppDelegate.swift in Sources */,
			);
			runOnlyForDeploymentPostprocessing = 0;
		};
/* End PBXSourcesBuildPhase section */

/* Begin PBXVariantGroup section */
		9E6606F01D72BE6F006A6822 /* Main.storyboard */ = {
			isa = PBXVariantGroup;
			children = (
				9E6606F11D72BE6F006A6822 /* Base */,
			);
			name = Main.storyboard;
			sourceTree = "<group>";
		};
		9E6606F51D72BE6F006A6822 /* LaunchScreen.storyboard */ = {
			isa = PBXVariantGroup;
			children = (
				9E6606F61D72BE6F006A6822 /* Base */,
			);
			name = LaunchScreen.storyboard;
			sourceTree = "<group>";
		};
/* End PBXVariantGroup section */

/* Begin XCBuildConfiguration section */
		9E6606F91D72BE6F006A6822 /* Debug */ = {
			isa = XCBuildConfiguration;
			buildSettings = {
				ALWAYS_SEARCH_USER_PATHS = NO;
				CLANG_ANALYZER_NONNULL = YES;
				CLANG_CXX_LANGUAGE_STANDARD = "gnu++0x";
				CLANG_CXX_LIBRARY = "libc++";
				CLANG_ENABLE_MODULES = YES;
				CLANG_ENABLE_OBJC_ARC = YES;
				CLANG_WARN_BOOL_CONVERSION = YES;
				CLANG_WARN_CONSTANT_CONVERSION = YES;
				CLANG_WARN_DIRECT_OBJC_ISA_USAGE = YES_ERROR;
				CLANG_WARN_EMPTY_BODY = YES;
				CLANG_WARN_ENUM_CONVERSION = YES;
				CLANG_WARN_INT_CONVERSION = YES;
				CLANG_WARN_OBJC_ROOT_CLASS = YES_ERROR;
				CLANG_WARN_UNREACHABLE_CODE = YES;
				CLANG_WARN__DUPLICATE_METHOD_MATCH = YES;
				"CODE_SIGN_IDENTITY[sdk=iphoneos*]" = "iPhone Developer";
				COPY_PHASE_STRIP = NO;
				DEBUG_INFORMATION_FORMAT = dwarf;
				ENABLE_STRICT_OBJC_MSGSEND = YES;
				ENABLE_TESTABILITY = YES;
				GCC_C_LANGUAGE_STANDARD = gnu99;
				GCC_DYNAMIC_NO_PIC = NO;
				GCC_NO_COMMON_BLOCKS = YES;
				GCC_OPTIMIZATION_LEVEL = 0;
				GCC_PREPROCESSOR_DEFINITIONS = (
					"DEBUG=1",
					"$(inherited)",
				);
				GCC_WARN_64_TO_32_BIT_CONVERSION = YES;
				GCC_WARN_ABOUT_RETURN_TYPE = YES_ERROR;
				GCC_WARN_UNDECLARED_SELECTOR = YES;
				GCC_WARN_UNINITIALIZED_AUTOS = YES_AGGRESSIVE;
				GCC_WARN_UNUSED_FUNCTION = YES;
				GCC_WARN_UNUSED_VARIABLE = YES;
				IPHONEOS_DEPLOYMENT_TARGET = 9.3;
				MTL_ENABLE_DEBUG_INFO = YES;
				ONLY_ACTIVE_ARCH = YES;
				SDKROOT = iphoneos;
				SWIFT_OPTIMIZATION_LEVEL = "-Onone";
			};
			name = Debug;
		};
		9E6606FA1D72BE6F006A6822 /* Release */ = {
			isa = XCBuildConfiguration;
			buildSettings = {
				ALWAYS_SEARCH_USER_PATHS = NO;
				CLANG_ANALYZER_NONNULL = YES;
				CLANG_CXX_LANGUAGE_STANDARD = "gnu++0x";
				CLANG_CXX_LIBRARY = "libc++";
				CLANG_ENABLE_MODULES = YES;
				CLANG_ENABLE_OBJC_ARC = YES;
				CLANG_WARN_BOOL_CONVERSION = YES;
				CLANG_WARN_CONSTANT_CONVERSION = YES;
				CLANG_WARN_DIRECT_OBJC_ISA_USAGE = YES_ERROR;
				CLANG_WARN_EMPTY_BODY = YES;
				CLANG_WARN_ENUM_CONVERSION = YES;
				CLANG_WARN_INT_CONVERSION = YES;
				CLANG_WARN_OBJC_ROOT_CLASS = YES_ERROR;
				CLANG_WARN_UNREACHABLE_CODE = YES;
				CLANG_WARN__DUPLICATE_METHOD_MATCH = YES;
				"CODE_SIGN_IDENTITY[sdk=iphoneos*]" = "iPhone Developer";
				COPY_PHASE_STRIP = NO;
				DEBUG_INFORMATION_FORMAT = "dwarf-with-dsym";
				ENABLE_NS_ASSERTIONS = NO;
				ENABLE_STRICT_OBJC_MSGSEND = YES;
				GCC_C_LANGUAGE_STANDARD = gnu99;
				GCC_NO_COMMON_BLOCKS = YES;
				GCC_WARN_64_TO_32_BIT_CONVERSION = YES;
				GCC_WARN_ABOUT_RETURN_TYPE = YES_ERROR;
				GCC_WARN_UNDECLARED_SELECTOR = YES;
				GCC_WARN_UNINITIALIZED_AUTOS = YES_AGGRESSIVE;
				GCC_WARN_UNUSED_FUNCTION = YES;
				GCC_WARN_UNUSED_VARIABLE = YES;
				IPHONEOS_DEPLOYMENT_TARGET = 9.3;
				MTL_ENABLE_DEBUG_INFO = NO;
				SDKROOT = iphoneos;
				VALIDATE_PRODUCT = YES;
			};
			name = Release;
		};
		9E6606FC1D72BE6F006A6822 /* Debug */ = {
			isa = XCBuildConfiguration;
			buildSettings = {
				ASSETCATALOG_COMPILER_APPICON_NAME = AppIcon;
				INFOPLIST_FILE = Project01_SimpleTimer/Info.plist;
				LD_RUNPATH_SEARCH_PATHS = "$(inherited) @executable_path/Frameworks";
				PRODUCT_BUNDLE_IDENTIFIER = "com.cn.Project01-SimpleTimer";
				PRODUCT_NAME = "$(TARGET_NAME)";
			};
			name = Debug;
		};
		9E6606FD1D72BE6F006A6822 /* Release */ = {
			isa = XCBuildConfiguration;
			buildSettings = {
				ASSETCATALOG_COMPILER_APPICON_NAME = AppIcon;
				INFOPLIST_FILE = Project01_SimpleTimer/Info.plist;
				LD_RUNPATH_SEARCH_PATHS = "$(inherited) @executable_path/Frameworks";
				PRODUCT_BUNDLE_IDENTIFIER = "com.cn.Project01-SimpleTimer";
				PRODUCT_NAME = "$(TARGET_NAME)";
			};
			name = Release;
		};
/* End XCBuildConfiguration section */

/* Begin XCConfigurationList section */
		9E6606E41D72BE6C006A6822 /* Build configuration list for PBXProject "Project01_SimpleTimer" */ = {
			isa = XCConfigurationList;
			buildConfigurations = (
				9E6606F91D72BE6F006A6822 /* Debug */,
				9E6606FA1D72BE6F006A6822 /* Release */,
			);
			defaultConfigurationIsVisible = 0;
			defaultConfigurationName = Release;
		};
		9E6606FB1D72BE6F006A6822 /* Build configuration list for PBXNativeTarget "Project01_SimpleTimer" */ = {
			isa = XCConfigurationList;
			buildConfigurations = (
				9E6606FC1D72BE6F006A6822 /* Debug */,
				9E6606FD1D72BE6F006A6822 /* Release */,
			);
			defaultConfigurationIsVisible = 0;
		};
/* End XCConfigurationList section */
	};
	rootObject = 9E6606E11D72BE6C006A6822 /* Project object */;
}
