// !$*UTF8*$!
{
	archiveVersion = 1;
	classes = {
	};
	objectVersion = 46;
	objects = {

/* Begin PBXBuildFile section */
		9E122C291E0574930005F0CB /* AppDelegate.swift in Sources */ = {isa = PBXBuildFile; fileRef = 9E122C281E0574930005F0CB /* AppDelegate.swift */; };
		9E122C2B1E0574930005F0CB /* ViewController.swift in Sources */ = {isa = PBXBuildFile; fileRef = 9E122C2A1E0574930005F0CB /* ViewController.swift */; };
		9E122C2E1E0574930005F0CB /* Main.storyboard in Resources */ = {isa = PBXBuildFile; fileRef = 9E122C2C1E0574930005F0CB /* Main.storyboard */; };
		9E122C301E0574930005F0CB /* Assets.xcassets in Resources */ = {isa = PBXBuildFile; fileRef = 9E122C2F1E0574930005F0CB /* Assets.xcassets */; };
		9E122C331E0574930005F0CB /* LaunchScreen.storyboard in Resources */ = {isa = PBXBuildFile; fileRef = 9E122C311E0574930005F0CB /* LaunchScreen.storyboard */; };
/* End PBXBuildFile section */

/* Begin PBXFileReference section */
		9E122C251E0574930005F0CB /* Project09_AlertController.app */ = {isa = PBXFileReference; explicitFileType = wrapper.application; includeInIndex = 0; path = Project09_AlertController.app; sourceTree = BUILT_PRODUCTS_DIR; };
		9E122C281E0574930005F0CB /* AppDelegate.swift */ = {isa = PBXFileReference; lastKnownFileType = sourcecode.swift; path = AppDelegate.swift; sourceTree = "<group>"; };
		9E122C2A1E0574930005F0CB /* ViewController.swift */ = {isa = PBXFileReference; lastKnownFileType = sourcecode.swift; path = ViewController.swift; sourceTree = "<group>"; };
		9E122C2D1E0574930005F0CB /* Base */ = {isa = PBXFileReference; lastKnownFileType = file.storyboard; name = Base; path = Base.lproj/Main.storyboard; sourceTree = "<group>"; };
		9E122C2F1E0574930005F0CB /* Assets.xcassets */ = {isa = PBXFileReference; lastKnownFileType = folder.assetcatalog; path = Assets.xcassets; sourceTree = "<group>"; };
		9E122C321E0574930005F0CB /* Base */ = {isa = PBXFileReference; lastKnownFileType = file.storyboard; name = Base; path = Base.lproj/LaunchScreen.storyboard; sourceTree = "<group>"; };
		9E122C341E0574930005F0CB /* Info.plist */ = {isa = PBXFileReference; lastKnownFileType = text.plist.xml; path = Info.plist; sourceTree = "<group>"; };
/* End PBXFileReference section */

/* Begin PBXFrameworksBuildPhase section */
		9E122C221E0574930005F0CB /* Frameworks */ = {
			isa = PBXFrameworksBuildPhase;
			buildActionMask = 2147483647;
			files = (
			);
			runOnlyForDeploymentPostprocessing = 0;
		};
/* End PBXFrameworksBuildPhase section */

/* Begin PBXGroup section */
		9E122C1C1E0574930005F0CB = {
			isa = PBXGroup;
			children = (
				9E122C271E0574930005F0CB /* Project09_AlertController */,
				9E122C261E0574930005F0CB /* Products */,
			);
			sourceTree = "<group>";
		};
		9E122C261E0574930005F0CB /* Products */ = {
			isa = PBXGroup;
			children = (
				9E122C251E0574930005F0CB /* Project09_AlertController.app */,
			);
			name = Products;
			sourceTree = "<group>";
		};
		9E122C271E0574930005F0CB /* Project09_AlertController */ = {
			isa = PBXGroup;
			children = (
				9E122C281E0574930005F0CB /* AppDelegate.swift */,
				9E122C2A1E0574930005F0CB /* ViewController.swift */,
				9E122C2C1E0574930005F0CB /* Main.storyboard */,
				9E122C2F1E0574930005F0CB /* Assets.xcassets */,
				9E122C311E0574930005F0CB /* LaunchScreen.storyboard */,
				9E122C341E0574930005F0CB /* Info.plist */,
			);
			path = Project09_AlertController;
			sourceTree = "<group>";
		};
/* End PBXGroup section */

/* Begin PBXNativeTarget section */
		9E122C241E0574930005F0CB /* Project09_AlertController */ = {
			isa = PBXNativeTarget;
			buildConfigurationList = 9E122C371E0574930005F0CB /* Build configuration list for PBXNativeTarget "Project09_AlertController" */;
			buildPhases = (
				9E122C211E0574930005F0CB /* Sources */,
				9E122C221E0574930005F0CB /* Frameworks */,
				9E122C231E0574930005F0CB /* Resources */,
			);
			buildRules = (
			);
			dependencies = (
			);
			name = Project09_AlertController;
			productName = Project09_AlertController;
			productReference = 9E122C251E0574930005F0CB /* Project09_AlertController.app */;
			productType = "com.apple.product-type.application";
		};
/* End PBXNativeTarget section */

/* Begin PBXProject section */
		9E122C1D1E0574930005F0CB /* Project object */ = {
			isa = PBXProject;
			attributes = {
				LastSwiftUpdateCheck = 0820;
				LastUpgradeCheck = 0820;
				ORGANIZATIONNAME = LFS;
				TargetAttributes = {
					9E122C241E0574930005F0CB = {
						CreatedOnToolsVersion = 8.2;
						ProvisioningStyle = Automatic;
					};
				};
			};
			buildConfigurationList = 9E122C201E0574930005F0CB /* Build configuration list for PBXProject "Project09_AlertController" */;
			compatibilityVersion = "Xcode 3.2";
			developmentRegion = English;
			hasScannedForEncodings = 0;
			knownRegions = (
				en,
				Base,
			);
			mainGroup = 9E122C1C1E0574930005F0CB;
			productRefGroup = 9E122C261E0574930005F0CB /* Products */;
			projectDirPath = "";
			projectRoot = "";
			targets = (
				9E122C241E0574930005F0CB /* Project09_AlertController */,
			);
		};
/* End PBXProject section */

/* Begin PBXResourcesBuildPhase section */
		9E122C231E0574930005F0CB /* Resources */ = {
			isa = PBXResourcesBuildPhase;
			buildActionMask = 2147483647;
			files = (
				9E122C331E0574930005F0CB /* LaunchScreen.storyboard in Resources */,
				9E122C301E0574930005F0CB /* Assets.xcassets in Resources */,
				9E122C2E1E0574930005F0CB /* Main.storyboard in Resources */,
			);
			runOnlyForDeploymentPostprocessing = 0;
		};
/* End PBXResourcesBuildPhase section */

/* Begin PBXSourcesBuildPhase section */
		9E122C211E0574930005F0CB /* Sources */ = {
			isa = PBXSourcesBuildPhase;
			buildActionMask = 2147483647;
			files = (
				9E122C2B1E0574930005F0CB /* ViewController.swift in Sources */,
				9E122C291E0574930005F0CB /* AppDelegate.swift in Sources */,
			);
			runOnlyForDeploymentPostprocessing = 0;
		};
/* End PBXSourcesBuildPhase section */

/* Begin PBXVariantGroup section */
		9E122C2C1E0574930005F0CB /* Main.storyboard */ = {
			isa = PBXVariantGroup;
			children = (
				9E122C2D1E0574930005F0CB /* Base */,
			);
			name = Main.storyboard;
			sourceTree = "<group>";
		};
		9E122C311E0574930005F0CB /* LaunchScreen.storyboard */ = {
			isa = PBXVariantGroup;
			children = (
				9E122C321E0574930005F0CB /* Base */,
			);
			name = LaunchScreen.storyboard;
			sourceTree = "<group>";
		};
/* End PBXVariantGroup section */

/* Begin XCBuildConfiguration section */
		9E122C351E0574930005F0CB /* Debug */ = {
			isa = XCBuildConfiguration;
			buildSettings = {
				ALWAYS_SEARCH_USER_PATHS = NO;
				CLANG_ANALYZER_NONNULL = YES;
				CLANG_CXX_LANGUAGE_STANDARD = "gnu++0x";
				CLANG_CXX_LIBRARY = "libc++";
				CLANG_ENABLE_MODULES = YES;
				CLANG_ENABLE_OBJC_ARC = YES;
				CLANG_WARN_BOOL_CONVERSION = YES;
				CLANG_WARN_CONSTANT_CONVERSION = YES;
				CLANG_WARN_DIRECT_OBJC_ISA_USAGE = YES_ERROR;
				CLANG_WARN_DOCUMENTATION_COMMENTS = YES;
				CLANG_WARN_EMPTY_BODY = YES;
				CLANG_WARN_ENUM_CONVERSION = YES;
				CLANG_WARN_INFINITE_RECURSION = YES;
				CLANG_WARN_INT_CONVERSION = YES;
				CLANG_WARN_OBJC_ROOT_CLASS = YES_ERROR;
				CLANG_WARN_SUSPICIOUS_MOVE = YES;
				CLANG_WARN_UNREACHABLE_CODE = YES;
				CLANG_WARN__DUPLICATE_METHOD_MATCH = YES;
				"CODE_SIGN_IDENTITY[sdk=iphoneos*]" = "iPhone Developer";
				COPY_PHASE_STRIP = NO;
				DEBUG_INFORMATION_FORMAT = dwarf;
				ENABLE_STRICT_OBJC_MSGSEND = YES;
				ENABLE_TESTABILITY = YES;
				GCC_C_LANGUAGE_STANDARD = gnu99;
				GCC_DYNAMIC_NO_PIC = NO;
				GCC_NO_COMMON_BLOCKS = YES;
				GCC_OPTIMIZATION_LEVEL = 0;
				GCC_PREPROCESSOR_DEFINITIONS = (
					"DEBUG=1",
					"$(inherited)",
				);
				GCC_WARN_64_TO_32_BIT_CONVERSION = YES;
				GCC_WARN_ABOUT_RETURN_TYPE = YES_ERROR;
				GCC_WARN_UNDECLARED_SELECTOR = YES;
				GCC_WARN_UNINITIALIZED_AUTOS = YES_AGGRESSIVE;
				GCC_WARN_UNUSED_FUNCTION = YES;
				GCC_WARN_UNUSED_VARIABLE = YES;
				IPHONEOS_DEPLOYMENT_TARGET = 10.2;
				MTL_ENABLE_DEBUG_INFO = YES;
				ONLY_ACTIVE_ARCH = YES;
				SDKROOT = iphoneos;
				SWIFT_ACTIVE_COMPILATION_CONDITIONS = DEBUG;
				SWIFT_OPTIMIZATION_LEVEL = "-Onone";
			};
			name = Debug;
		};
		9E122C361E0574930005F0CB /* Release */ = {
			isa = XCBuildConfiguration;
			buildSettings = {
				ALWAYS_SEARCH_USER_PATHS = NO;
				CLANG_ANALYZER_NONNULL = YES;
				CLANG_CXX_LANGUAGE_STANDARD = "gnu++0x";
				CLANG_CXX_LIBRARY = "libc++";
				CLANG_ENABLE_MODULES = YES;
				CLANG_ENABLE_OBJC_ARC = YES;
				CLANG_WARN_BOOL_CONVERSION = YES;
				CLANG_WARN_CONSTANT_CONVERSION = YES;
				CLANG_WARN_DIRECT_OBJC_ISA_USAGE = YES_ERROR;
				CLANG_WARN_DOCUMENTATION_COMMENTS = YES;
				CLANG_WARN_EMPTY_BODY = YES;
				CLANG_WARN_ENUM_CONVERSION = YES;
				CLANG_WARN_INFINITE_RECURSION = YES;
				CLANG_WARN_INT_CONVERSION = YES;
				CLANG_WARN_OBJC_ROOT_CLASS = YES_ERROR;
				CLANG_WARN_SUSPICIOUS_MOVE = YES;
				CLANG_WARN_UNREACHABLE_CODE = YES;
				CLANG_WARN__DUPLICATE_METHOD_MATCH = YES;
				"CODE_SIGN_IDENTITY[sdk=iphoneos*]" = "iPhone Developer";
				COPY_PHASE_STRIP = NO;
				DEBUG_INFORMATION_FORMAT = "dwarf-with-dsym";
				ENABLE_NS_ASSERTIONS = NO;
				ENABLE_STRICT_OBJC_MSGSEND = YES;
				GCC_C_LANGUAGE_STANDARD = gnu99;
				GCC_NO_COMMON_BLOCKS = YES;
				GCC_WARN_64_TO_32_BIT_CONVERSION = YES;
				GCC_WARN_ABOUT_RETURN_TYPE = YES_ERROR;
				GCC_WARN_UNDECLARED_SELECTOR = YES;
				GCC_WARN_UNINITIALIZED_AUTOS = YES_AGGRESSIVE;
				GCC_WARN_UNUSED_FUNCTION = YES;
				GCC_WARN_UNUSED_VARIABLE = YES;
				IPHONEOS_DEPLOYMENT_TARGET = 10.2;
				MTL_ENABLE_DEBUG_INFO = NO;
				SDKROOT = iphoneos;
				SWIFT_OPTIMIZATION_LEVEL = "-Owholemodule";
				VALIDATE_PRODUCT = YES;
			};
			name = Release;
		};
		9E122C381E0574930005F0CB /* Debug */ = {
			isa = XCBuildConfiguration;
			buildSettings = {
				ASSETCATALOG_COMPILER_APPICON_NAME = AppIcon;
				INFOPLIST_FILE = Project09_AlertController/Info.plist;
				LD_RUNPATH_SEARCH_PATHS = "$(inherited) @executable_path/Frameworks";
				PRODUCT_BUNDLE_IDENTIFIER = "com.cn.Project09-AlertController";
				PRODUCT_NAME = "$(TARGET_NAME)";
				SWIFT_VERSION = 3.0;
			};
			name = Debug;
		};
		9E122C391E0574930005F0CB /* Release */ = {
			isa = XCBuildConfiguration;
			buildSettings = {
				ASSETCATALOG_COMPILER_APPICON_NAME = AppIcon;
				INFOPLIST_FILE = Project09_AlertController/Info.plist;
				LD_RUNPATH_SEARCH_PATHS = "$(inherited) @executable_path/Frameworks";
				PRODUCT_BUNDLE_IDENTIFIER = "com.cn.Project09-AlertController";
				PRODUCT_NAME = "$(TARGET_NAME)";
				SWIFT_VERSION = 3.0;
			};
			name = Release;
		};
/* End XCBuildConfiguration section */

/* Begin XCConfigurationList section */
		9E122C201E0574930005F0CB /* Build configuration list for PBXProject "Project09_AlertController" */ = {
			isa = XCConfigurationList;
			buildConfigurations = (
				9E122C351E0574930005F0CB /* Debug */,
				9E122C361E0574930005F0CB /* Release */,
			);
			defaultConfigurationIsVisible = 0;
			defaultConfigurationName = Release;
		};
		9E122C371E0574930005F0CB /* Build configuration list for PBXNativeTarget "Project09_AlertController" */ = {
			isa = XCConfigurationList;
			buildConfigurations = (
				9E122C381E0574930005F0CB /* Debug */,
				9E122C391E0574930005F0CB /* Release */,
			);
			defaultConfigurationIsVisible = 0;
		};
/* End XCConfigurationList section */
	};
	rootObject = 9E122C1D1E0574930005F0CB /* Project object */;
}
